# Generated by pub
# See https://dart.dev/tools/pub/glossary#lockfile
packages:
  archive:
    dependency: "direct main"
    description:
      name: archive
      url: "https://pub.dev"
    source: hosted
    version: "4.0.7"
  file_picker:
    dependency: "direct main"
    description:
      name: file_picker
      url: "https://pub.dev"
    source: hosted
    version: "10.3.2"
  path_provider:
    dependency: "direct main"
    description:
      name: path_provider
      url: "https://pub.dev"
    source: hosted
    version: "2.1.5"
  open_filex:
    dependency: "direct main"
    description:
      name: open_filex
      url: "https://pub.dev"
    source: hosted
    version: "4.7.0"
  share_plus:
    dependency: "direct main"
    description:
      name: share_plus
      url: "https://pub.dev"
    source: hosted
    version: "11.1.0"
  file_saver:
    dependency: "direct main"
    description:
      name: file_saver
      url: "https://pub.dev"
    source: hosted
    version: "0.3.1"
  pdf:
    dependency: "direct main"
    description:
      name: pdf
      url: "https://pub.dev"
    source: hosted
    version: "3.8.4"
  native_pdf_renderer:
    dependency: "direct main"
    description:
      name: native_pdf_renderer
      url: "https://pub.dev"
    source: hosted
    version: "5.0.0+1"
  reorderables:
    dependency: "direct main"
    description:
      name: reorderables
      url: "https://pub.dev"
    source: hosted
    version: "0.6.0"
  device_info:
    dependency: transitive
    description:
      name: device_info
      url: "https://pub.dev"
    source: hosted
    version: "2.0.3"
  flutter:
    dependency: "direct main"
    description: flutter
    source: sdk
    version: "0.0.0"
  flutter_test:
    dependency: "direct dev"
    description: flutter
    source: sdk
    version: "0.0.0"
  flutter_lints:
    dependency: "direct dev"
    description:
      name: flutter_lints
      url: "https://pub.dev"
    source: hosted
    version: "6.0.0"
sdks:
  dart: ">=3.3.0 <4.0.0"
  flutter: ">=3.5.3"